# This file is automatically @generated by Cargo.
# It is not intended for manual editing.
[[package]]
name = "advapi32-sys"
version = "0.1.2"
source = "registry+https://github.com/rust-lang/crates.io-index"
checksum = "307c92332867e586720c0222ee9d890bbe8431711efed8a1b06bc5b40fc66bd7"
dependencies = [
 "winapi 0.2.5",
 "winapi-build",
]

[[package]]
name = "ansi_term"
version = "0.11.0"
source = "registry+https://github.com/rust-lang/crates.io-index"
checksum = "ee49baf6cb617b853aa8d93bf420db2383fab46d314482ca2803b40d5fde979b"
dependencies = [
 "winapi 0.3.9",
]

[[package]]
name = "atty"
version = "0.2.14"
source = "registry+https://github.com/rust-lang/crates.io-index"
checksum = "d9b39be18770d11421cdb1b9947a45dd3f37e93092cbf377614828a319d5fee8"
dependencies = [
 "hermit-abi",
 "libc 0.2.74",
 "winapi 0.3.9",
]

[[package]]
name = "bincode"
version = "0.4.0"
source = "registry+https://github.com/rust-lang/crates.io-index"
checksum = "1cf2680c3c582485ba24c43f568fc2fe7ca33bf1bc63522bc9c17e0f2ac70576"
dependencies = [
 "byteorder",
 "num",
 "rustc-serialize",
 "serde",
]

[[package]]
name = "bitflags"
version = "1.2.1"
source = "registry+https://github.com/rust-lang/crates.io-index"
checksum = "cf1de2fe8c75bc145a2f577add951f8134889b4795d47466a54a5c846d691693"

[[package]]
name = "byteorder"
version = "0.3.13"
source = "registry+https://github.com/rust-lang/crates.io-index"
checksum = "29b2aa490a8f546381308d68fc79e6bd753cd3ad839f7a7172897f1feedfa175"

[[package]]
name = "bzip2"
version = "0.2.3"
source = "registry+https://github.com/rust-lang/crates.io-index"
checksum = "2498d940402fc49ef27875f2a36577ee1dfcb5103f7edb9e9c7bbe0514ebabde"
dependencies = [
 "bzip2-sys",
 "libc 0.1.12",
]

[[package]]
name = "bzip2-sys"
version = "0.1.3"
source = "registry+https://github.com/rust-lang/crates.io-index"
checksum = "d163a75253829e102265b434b31144d6c63defd5c7deeac3b7dc6a126e2a0171"
dependencies = [
 "gcc",
 "libc 0.1.12",
]

[[package]]
name = "clap"
version = "2.33.3"
source = "registry+https://github.com/rust-lang/crates.io-index"
checksum = "37e58ac78573c40708d45522f0d80fa2f01cc4f9b4e2bf749807255454312002"
dependencies = [
 "ansi_term",
 "atty",
 "bitflags",
 "strsim",
 "textwrap",
 "unicode-width",
 "vec_map",
]

[[package]]
name = "encoding"
version = "0.2.32"
source = "registry+https://github.com/rust-lang/crates.io-index"
checksum = "1119ca1c88774efeed1a7926958e212e02af7437bdeab8520dbc7aa1abde3026"
dependencies = [
 "encoding-index-japanese",
 "encoding-index-korean",
 "encoding-index-simpchinese",
 "encoding-index-singlebyte",
 "encoding-index-tradchinese",
]

[[package]]
name = "encoding-index-japanese"
version = "1.20141219.5"
source = "registry+https://github.com/rust-lang/crates.io-index"
checksum = "04e8b2ff42e9a05335dbf8b5c6f7567e5591d0d916ccef4e0b1710d32a0d0c91"
dependencies = [
 "encoding_index_tests",
]

[[package]]
name = "encoding-index-korean"
version = "1.20141219.5"
source = "registry+https://github.com/rust-lang/crates.io-index"
checksum = "4dc33fb8e6bcba213fe2f14275f0963fd16f0a02c878e3095ecfdf5bee529d81"
dependencies = [
 "encoding_index_tests",
]

[[package]]
name = "encoding-index-simpchinese"
version = "1.20141219.5"
source = "registry+https://github.com/rust-lang/crates.io-index"
checksum = "d87a7194909b9118fc707194baa434a4e3b0fb6a5a757c73c3adb07aa25031f7"
dependencies = [
 "encoding_index_tests",
]

[[package]]
name = "encoding-index-singlebyte"
version = "1.20141219.5"
source = "registry+https://github.com/rust-lang/crates.io-index"
checksum = "3351d5acffb224af9ca265f435b859c7c01537c0849754d3db3fdf2bfe2ae84a"
dependencies = [
 "encoding_index_tests",
]

[[package]]
name = "encoding-index-tradchinese"
version = "1.20141219.5"
source = "registry+https://github.com/rust-lang/crates.io-index"
checksum = "fd0e20d5688ce3cab59eb3ef3a2083a5c77bf496cb798dc6fcdb75f323890c18"
dependencies = [
 "encoding_index_tests",
]

[[package]]
name = "encoding_index_tests"
version = "0.1.4"
source = "registry+https://github.com/rust-lang/crates.io-index"
checksum = "a246d82be1c9d791c5dfde9a2bd045fc3cbba3fa2b11ad558f27d01712f00569"

[[package]]
name = "fixedbitset"
version = "0.1.0"
source = "registry+https://github.com/rust-lang/crates.io-index"
checksum = "909f25e72c7e0adb4891b20d416d5481ea485153c0552ffc64effcd0edce58b4"

[[package]]
name = "flate2"
version = "0.2.11"
source = "registry+https://github.com/rust-lang/crates.io-index"
checksum = "c47df1b38f927ecf55959e25455dc7af4b3699cf1b6e0aac870a1d8cccab7804"
dependencies = [
 "libc 0.2.74",
 "miniz-sys",
]

[[package]]
name = "gcc"
version = "0.3.21"
source = "registry+https://github.com/rust-lang/crates.io-index"
checksum = "ca10e3e1f1c8278047da19b94dc17c4397861150d5fbcea052eedb1d9847d356"
dependencies = [
 "advapi32-sys",
 "winapi 0.2.5",
]

[[package]]
name = "hermit-abi"
version = "0.1.17"
source = "registry+https://github.com/rust-lang/crates.io-index"
checksum = "5aca5565f760fb5b220e499d72710ed156fdb74e631659e99377d9ebfbd13ae8"
dependencies = [
 "libc 0.2.74",
]

[[package]]
name = "hex"
version = "0.1.0"
source = "registry+https://github.com/rust-lang/crates.io-index"
checksum = "284091bf8874ea6b5b97485180d3e5e9d2a98b4c646d4dc6c40e44a37f6d44fc"

[[package]]
name = "kernel32-sys"
version = "0.2.1"
source = "registry+https://github.com/rust-lang/crates.io-index"
checksum = "b5b5e7edf375e6d26243bde172f1d5ed1446f4a766fc9b7006e1fd27258243f1"
dependencies = [
 "winapi 0.2.5",
 "winapi-build",
]

[[package]]
name = "libc"
version = "0.1.12"
source = "registry+https://github.com/rust-lang/crates.io-index"
checksum = "e32a70cf75e5846d53a673923498228bbec6a8624708a9ea5645f075d6276122"

[[package]]
name = "libc"
version = "0.2.74"
source = "registry+https://github.com/rust-lang/crates.io-index"
checksum = "a2f02823cf78b754822df5f7f268fb59822e7296276d3e069d8e8cb26a14bd10"

[[package]]
name = "miniz-sys"
version = "0.1.7"
source = "registry+https://github.com/rust-lang/crates.io-index"
checksum = "9d1f4d337a01c32e1f2122510fed46393d53ca35a7f429cb0450abaedfa3ed54"
dependencies = [
 "gcc",
 "libc 0.2.74",
]

[[package]]
name = "num"
version = "0.1.28"
source = "registry+https://github.com/rust-lang/crates.io-index"
checksum = "18bc3516980cd5bf4567c6a5912ad734bf6ca1ee2716a2636009b2064662da41"
dependencies = [
 "rand",
 "rustc-serialize",
]

[[package]]
name = "pay-to-sudoku"
version = "0.0.1"
dependencies = [
 "bincode",
 "bzip2",
 "clap",
 "fixedbitset",
 "flate2",
 "hex",
 "libc 0.2.74",
 "rand",
 "rust-crypto",
 "serde",
 "strason",
 "thread-scoped",
 "whiteread",
]

[[package]]
name = "rand"
version = "0.3.12"
source = "registry+https://github.com/rust-lang/crates.io-index"
checksum = "5eee40bdf3d293e1648490ab47e5471d9ab3e455e6b0bd48e558c454be4a015e"
dependencies = [
 "advapi32-sys",
 "libc 0.2.74",
 "winapi 0.2.5",
]

[[package]]
name = "rust-crypto"
version = "0.2.34"
source = "registry+https://github.com/rust-lang/crates.io-index"
checksum = "b8672a8eb8db93d0938972e391159ba66912b415285ee5cf0ebe732df9e53b70"
dependencies = [
 "gcc",
 "libc 0.1.12",
 "rand",
 "rustc-serialize",
 "time",
]

[[package]]
name = "rustc-serialize"
version = "0.3.24"
source = "registry+https://github.com/rust-lang/crates.io-index"
checksum = "dcf128d1287d2ea9d80910b5f1120d0b8eede3fbf1abe91c40d39ea7d51e6fda"

[[package]]
name = "serde"
version = "0.6.6"
source = "registry+https://github.com/rust-lang/crates.io-index"
checksum = "dc6b43c62f340c279a3608c1e6ed7b144b1e08ee74fac2a372500dc5d576af25"
dependencies = [
 "num",
]

[[package]]
name = "strason"
version = "0.3.3"
source = "registry+https://github.com/rust-lang/crates.io-index"
checksum = "0e00099a74e7b120b97bf912fec64af6902b795bc45c1c6df6e2654d33631115"
dependencies = [
 "encoding",
 "serde",
]

[[package]]
name = "strsim"
version = "0.8.0"
source = "registry+https://github.com/rust-lang/crates.io-index"
checksum = "8ea5119cdb4c55b55d432abb513a0429384878c15dde60cc77b1c99de1a95a6a"

[[package]]
name = "textwrap"
version = "0.11.0"
source = "registry+https://github.com/rust-lang/crates.io-index"
checksum = "d326610f408c7a4eb6f51c37c330e496b08506c9457c9d34287ecc38809fb060"
dependencies = [
 "unicode-width",
]

[[package]]
name = "thread-scoped"
version = "1.0.1"
source = "registry+https://github.com/rust-lang/crates.io-index"
checksum = "14387dce246d09efe184c8ebc34d9db5c0672a908b2f50efc53359ae13d5ae68"

[[package]]
name = "time"
version = "0.1.34"
source = "registry+https://github.com/rust-lang/crates.io-index"
checksum = "8c4aeaa1c95974f5763c3a5ac0db95a19793589bcea5d22e161b5587e3aad029"
dependencies = [
 "kernel32-sys",
 "libc 0.2.74",
 "winapi 0.2.5",
]

[[package]]
name = "unicode-width"
version = "0.1.8"
source = "registry+https://github.com/rust-lang/crates.io-index"
checksum = "9337591893a19b88d8d87f2cec1e73fad5cdfd10e5a6f349f498ad6ea2ffb1e3"

[[package]]
name = "vec_map"
version = "0.8.2"
source = "registry+https://github.com/rust-lang/crates.io-index"
checksum = "f1bddf1187be692e79c5ffeab891132dfb0f236ed36a43c7ed39f1165ee20191"

[[package]]
name = "whiteread"
version = "0.2.0"
source = "registry+https://github.com/rust-lang/crates.io-index"
checksum = "f40445328a3970512b382076907cfd3b73604dedbeb0417dc501502ccdf9b8da"

[[package]]
name = "winapi"
version = "0.2.5"
source = "registry+https://github.com/rust-lang/crates.io-index"
checksum = "dc3583688b861fcd83c2823d37cf2cd2446c233dd7ba3f97884d1a7302817537"

[[package]]
name = "winapi"
version = "0.3.9"
source = "registry+https://github.com/rust-lang/crates.io-index"
checksum = "5c839a674fcd7a98952e593242ea400abe93992746761e38641405d28b00f419"
dependencies = [
 "winapi-i686-pc-windows-gnu",
 "winapi-x86_64-pc-windows-gnu",
]

[[package]]
name = "winapi-build"
version = "0.1.1"
source = "registry+https://github.com/rust-lang/crates.io-index"
checksum = "2d315eee3b34aca4797b2da6b13ed88266e6d612562a0c46390af8299fc699bc"

[[package]]
name = "winapi-i686-pc-windows-gnu"
version = "0.4.0"
source = "registry+https://github.com/rust-lang/crates.io-index"
checksum = "ac3b87c63620426dd9b991e5ce0329eff545bccbbb34f3be09ff6fb6ab51b7b6"

[[package]]
name = "winapi-x86_64-pc-windows-gnu"
version = "0.4.0"
source = "registry+https://github.com/rust-lang/crates.io-index"
checksum = "712e227841d057c1ee1cd2fb22fa7e5a5461ae8e48fa2ca79ec42cfc1931183f"
